
Microsoft Visual Studio Solution File, Format Version 12.00
# Visual Studio Version 16
VisualStudioVersion = 16.0.29613.14
MinimumVisualStudioVersion = 10.0.40219.1
Project("{FAE04EC0-301F-11D3-BF4B-00C04F79EFBC}") = "Practical1", "Practical1\Practical1.csproj", "{6023F2E6-38D8-4A02-A38A-19585E5E9135}"
EndProject
Project("{FAE04EC0-301F-11D3-BF4B-00C04F79EFBC}") = "Practical2", "Practical2\Practical2.csproj", "{7A94AD8C-199C-4684-9487-3DC64BE6BD78}"
EndProject
Project("{FAE04EC0-301F-11D3-BF4B-00C04F79EFBC}") = "Practical3", "Practical3\Practical3.csproj", "{4084B19A-C161-40E1-A514-00F9F6FD1858}"
EndProject
Project("{FAE04EC0-301F-11D3-BF4B-00C04F79EFBC}") = "Practical4", "Practical4\Practical4.csproj", "{2588A690-D95C-4B4B-8A09-0714527139D4}"
EndProject
Project("{FAE04EC0-301F-11D3-BF4B-00C04F79EFBC}") = "Practical5", "Practical5\Practical5.csproj", "{88DBB466-E26C-4B25-9DA9-38E9F86492E4}"
EndProject
Project("{FAE04EC0-301F-11D3-BF4B-00C04F79EFBC}") = "Practical6", "Practical6\Practical6.csproj", "{FABB8BFD-C56F-4173-BFF9-93B41A2DAB2B}"
EndProject
Project("{FAE04EC0-301F-11D3-BF4B-00C04F79EFBC}") = "Example_of_Assignment", "Example_of_Assignment\Example_of_Assignment.csproj", "{A97AF3ED-D801-4B8C-9D37-FDBD1537C290}"
EndProject
Project("{FAE04EC0-301F-11D3-BF4B-00C04F79EFBC}") = "Practical7", "Practical7\Practical7.csproj", "{76952190-9347-4F4E-AE89-14E0DF588AAD}"
EndProject
Global
	GlobalSection(SolutionConfigurationPlatforms) = preSolution
		Debug|Any CPU = Debug|Any CPU
		Release|Any CPU = Release|Any CPU
	EndGlobalSection
	GlobalSection(ProjectConfigurationPlatforms) = postSolution
		{6023F2E6-38D8-4A02-A38A-19585E5E9135}.Debug|Any CPU.ActiveCfg = Debug|Any CPU
		{6023F2E6-38D8-4A02-A38A-19585E5E9135}.Debug|Any CPU.Build.0 = Debug|Any CPU
		{6023F2E6-38D8-4A02-A38A-19585E5E9135}.Release|Any CPU.ActiveCfg = Release|Any CPU
		{6023F2E6-38D8-4A02-A38A-19585E5E9135}.Release|Any CPU.Build.0 = Release|Any CPU
		{7A94AD8C-199C-4684-9487-3DC64BE6BD78}.Debug|Any CPU.ActiveCfg = Debug|Any CPU
		{7A94AD8C-199C-4684-9487-3DC64BE6BD78}.Debug|Any CPU.Build.0 = Debug|Any CPU
		{7A94AD8C-199C-4684-9487-3DC64BE6BD78}.Release|Any CPU.ActiveCfg = Release|Any CPU
		{7A94AD8C-199C-4684-9487-3DC64BE6BD78}.Release|Any CPU.Build.0 = Release|Any CPU
		{4084B19A-C161-40E1-A514-00F9F6FD1858}.Debug|Any CPU.ActiveCfg = Debug|Any CPU
		{4084B19A-C161-40E1-A514-00F9F6FD1858}.Debug|Any CPU.Build.0 = Debug|Any CPU
		{4084B19A-C161-40E1-A514-00F9F6FD1858}.Release|Any CPU.ActiveCfg = Release|Any CPU
		{4084B19A-C161-40E1-A514-00F9F6FD1858}.Release|Any CPU.Build.0 = Release|Any CPU
		{2588A690-D95C-4B4B-8A09-0714527139D4}.Debug|Any CPU.ActiveCfg = Debug|Any CPU
		{2588A690-D95C-4B4B-8A09-0714527139D4}.Debug|Any CPU.Build.0 = Debug|Any CPU
		{2588A690-D95C-4B4B-8A09-0714527139D4}.Release|Any CPU.ActiveCfg = Release|Any CPU
		{2588A690-D95C-4B4B-8A09-0714527139D4}.Release|Any CPU.Build.0 = Release|Any CPU
		{88DBB466-E26C-4B25-9DA9-38E9F86492E4}.Debug|Any CPU.ActiveCfg = Debug|Any CPU
		{88DBB466-E26C-4B25-9DA9-38E9F86492E4}.Debug|Any CPU.Build.0 = Debug|Any CPU
		{88DBB466-E26C-4B25-9DA9-38E9F86492E4}.Release|Any CPU.ActiveCfg = Release|Any CPU
		{88DBB466-E26C-4B25-9DA9-38E9F86492E4}.Release|Any CPU.Build.0 = Release|Any CPU
		{FABB8BFD-C56F-4173-BFF9-93B41A2DAB2B}.Debug|Any CPU.ActiveCfg = Debug|Any CPU
		{FABB8BFD-C56F-4173-BFF9-93B41A2DAB2B}.Debug|Any CPU.Build.0 = Debug|Any CPU
		{FABB8BFD-C56F-4173-BFF9-93B41A2DAB2B}.Release|Any CPU.ActiveCfg = Release|Any CPU
		{FABB8BFD-C56F-4173-BFF9-93B41A2DAB2B}.Release|Any CPU.Build.0 = Release|Any CPU
		{A97AF3ED-D801-4B8C-9D37-FDBD1537C290}.Debug|Any CPU.ActiveCfg = Debug|Any CPU
		{A97AF3ED-D801-4B8C-9D37-FDBD1537C290}.Debug|Any CPU.Build.0 = Debug|Any CPU
		{A97AF3ED-D801-4B8C-9D37-FDBD1537C290}.Release|Any CPU.ActiveCfg = Release|Any CPU
		{A97AF3ED-D801-4B8C-9D37-FDBD1537C290}.Release|Any CPU.Build.0 = Release|Any CPU
		{76952190-9347-4F4E-AE89-14E0DF588AAD}.Debug|Any CPU.ActiveCfg = Debug|Any CPU
		{76952190-9347-4F4E-AE89-14E0DF588AAD}.Debug|Any CPU.Build.0 = Debug|Any CPU
		{76952190-9347-4F4E-AE89-14E0DF588AAD}.Release|Any CPU.ActiveCfg = Release|Any CPU
		{76952190-9347-4F4E-AE89-14E0DF588AAD}.Release|Any CPU.Build.0 = Release|Any CPU
	EndGlobalSection
	GlobalSection(SolutionProperties) = preSolution
		HideSolutionNode = FALSE
	EndGlobalSection
	GlobalSection(ExtensibilityGlobals) = postSolution
		SolutionGuid = {EED26ECD-3A9C-455A-B5AF-57FC855186C2}
	EndGlobalSection
EndGlobal
